
Microsoft Visual Studio Solution File, Format Version 12.00
# Visual Studio Version 17
VisualStudioVersion = 17.0.31903.59
MinimumVisualStudioVersion = 10.0.40219.1
Project("{FAE04EC0-301F-11D3-BF4B-00C04F79EFBC}") = "backend", "backend\backend.csproj", "{66A0BB82-E6D5-4FE9-A090-447B0D160006}"
EndProject
Project("{FAE04EC0-301F-11D3-BF4B-00C04F79EFBC}") = "frontend", "frontend\frontend.csproj", "{AAFC1715-16A9-4F5A-A7A5-B83B07DE8841}"
EndProject
Global
	GlobalSection(SolutionConfigurationPlatforms) = preSolution
		Debug|Any CPU = Debug|Any CPU
		Release|Any CPU = Release|Any CPU
	EndGlobalSection
	GlobalSection(SolutionProperties) = preSolution
		HideSolutionNode = FALSE
	EndGlobalSection
	GlobalSection(ProjectConfigurationPlatforms) = postSolution
		{66A0BB82-E6D5-4FE9-A090-447B0D160006}.Debug|Any CPU.ActiveCfg = Debug|Any CPU
		{66A0BB82-E6D5-4FE9-A090-447B0D160006}.Debug|Any CPU.Build.0 = Debug|Any CPU
		{66A0BB82-E6D5-4FE9-A090-447B0D160006}.Release|Any CPU.ActiveCfg = Release|Any CPU
		{66A0BB82-E6D5-4FE9-A090-447B0D160006}.Release|Any CPU.Build.0 = Release|Any CPU
		{AAFC1715-16A9-4F5A-A7A5-B83B07DE8841}.Debug|Any CPU.ActiveCfg = Debug|Any CPU
		{AAFC1715-16A9-4F5A-A7A5-B83B07DE8841}.Debug|Any CPU.Build.0 = Debug|Any CPU
		{AAFC1715-16A9-4F5A-A7A5-B83B07DE8841}.Release|Any CPU.ActiveCfg = Release|Any CPU
		{AAFC1715-16A9-4F5A-A7A5-B83B07DE8841}.Release|Any CPU.Build.0 = Release|Any CPU
	EndGlobalSection
EndGlobal
